Microsoft Visual Studio Solution File, Format Version 11.00
# Visual Studio 2008

Project("{8D5919AA-FECA-9471-46A6-D026359E0DFE}") = "Royal Crush", "Assembly-CSharp.csproj", "{5DBF3CD8-E137-271C-7A94-D677573D17C5}"
EndProject
Global
	GlobalSection(SolutionConfigurationPlatforms) = preSolution
		Debug|Any CPU = Debug|Any CPU
		Release|Any CPU = Release|Any CPU
	EndGlobalSection
	GlobalSection(ProjectConfigurationPlatforms) = postSolution
		{5DBF3CD8-E137-271C-7A94-D677573D17C5}.Debug|Any CPU.ActiveCfg = Debug|Any CPU
		{5DBF3CD8-E137-271C-7A94-D677573D17C5}.Debug|Any CPU.Build.0 = Debug|Any CPU
		{5DBF3CD8-E137-271C-7A94-D677573D17C5}.Release|Any CPU.ActiveCfg = Release|Any CPU
		{5DBF3CD8-E137-271C-7A94-D677573D17C5}.Release|Any CPU.Build.0 = Release|Any CPU
	EndGlobalSection
	GlobalSection(SolutionProperties) = preSolution
		HideSolutionNode = FALSE
	EndGlobalSection
	GlobalSection(MonoDevelopProperties) = preSolution
		StartupItem = Assembly-CSharp.csproj
	EndGlobalSection
EndGlobal
